// !$*UTF8*$!
{
	archiveVersion = 1;
	classes = {
	};
	objectVersion = 48;
	objects = {

/* Begin PBXBuildFile section */
		91AEC125201AB850008E40C6 /* AppDelegate.m in Sources */ = {isa = PBXBuildFile; fileRef = 91AEC124201AB850008E40C6 /* AppDelegate.m */; };
		91AEC12B201AB850008E40C6 /* Main.storyboard in Resources */ = {isa = PBXBuildFile; fileRef = 91AEC129201AB850008E40C6 /* Main.storyboard */; };
		91AEC12D201AB850008E40C6 /* Assets.xcassets in Resources */ = {isa = PBXBuildFile; fileRef = 91AEC12C201AB850008E40C6 /* Assets.xcassets */; };
		91AEC130201AB850008E40C6 /* LaunchScreen.storyboard in Resources */ = {isa = PBXBuildFile; fileRef = 91AEC12E201AB850008E40C6 /* LaunchScreen.storyboard */; };
		91AEC133201AB850008E40C6 /* main.m in Sources */ = {isa = PBXBuildFile; fileRef = 91AEC132201AB850008E40C6 /* main.m */; };
		91AEC13C201AB93A008E40C6 /* PanViewController.m in Sources */ = {isa = PBXBuildFile; fileRef = 91AEC13B201AB93A008E40C6 /* PanViewController.m */; };
		91AEC13F201AB93F008E40C6 /* TapViewController.m in Sources */ = {isa = PBXBuildFile; fileRef = 91AEC13E201AB93F008E40C6 /* TapViewController.m */; };
		91AEC142201ABB7A008E40C6 /* PinchViewController.m in Sources */ = {isa = PBXBuildFile; fileRef = 91AEC141201ABB7A008E40C6 /* PinchViewController.m */; };
/* End PBXBuildFile section */

/* Begin PBXFileReference section */
		91AEC120201AB850008E40C6 /* Gestures02.app */ = {isa = PBXFileReference; explicitFileType = wrapper.application; includeInIndex = 0; path = Gestures02.app; sourceTree = BUILT_PRODUCTS_DIR; };
		91AEC123201AB850008E40C6 /* AppDelegate.h */ = {isa = PBXFileReference; lastKnownFileType = sourcecode.c.h; path = AppDelegate.h; sourceTree = "<group>"; };
		91AEC124201AB850008E40C6 /* AppDelegate.m */ = {isa = PBXFileReference; lastKnownFileType = sourcecode.c.objc; path = AppDelegate.m; sourceTree = "<group>"; };
		91AEC12A201AB850008E40C6 /* Base */ = {isa = PBXFileReference; lastKnownFileType = file.storyboard; name = Base; path = Base.lproj/Main.storyboard; sourceTree = "<group>"; };
		91AEC12C201AB850008E40C6 /* Assets.xcassets */ = {isa = PBXFileReference; lastKnownFileType = folder.assetcatalog; path = Assets.xcassets; sourceTree = "<group>"; };
		91AEC12F201AB850008E40C6 /* Base */ = {isa = PBXFileReference; lastKnownFileType = file.storyboard; name = Base; path = Base.lproj/LaunchScreen.storyboard; sourceTree = "<group>"; };
		91AEC131201AB850008E40C6 /* Info.plist */ = {isa = PBXFileReference; lastKnownFileType = text.plist.xml; path = Info.plist; sourceTree = "<group>"; };
		91AEC132201AB850008E40C6 /* main.m */ = {isa = PBXFileReference; lastKnownFileType = sourcecode.c.objc; path = main.m; sourceTree = "<group>"; };
		91AEC13A201AB93A008E40C6 /* PanViewController.h */ = {isa = PBXFileReference; lastKnownFileType = sourcecode.c.h; path = PanViewController.h; sourceTree = "<group>"; };
		91AEC13B201AB93A008E40C6 /* PanViewController.m */ = {isa = PBXFileReference; lastKnownFileType = sourcecode.c.objc; path = PanViewController.m; sourceTree = "<group>"; };
		91AEC13D201AB93F008E40C6 /* TapViewController.h */ = {isa = PBXFileReference; lastKnownFileType = sourcecode.c.h; path = TapViewController.h; sourceTree = "<group>"; };
		91AEC13E201AB93F008E40C6 /* TapViewController.m */ = {isa = PBXFileReference; lastKnownFileType = sourcecode.c.objc; path = TapViewController.m; sourceTree = "<group>"; };
		91AEC140201ABB7A008E40C6 /* PinchViewController.h */ = {isa = PBXFileReference; lastKnownFileType = sourcecode.c.h; path = PinchViewController.h; sourceTree = "<group>"; };
		91AEC141201ABB7A008E40C6 /* PinchViewController.m */ = {isa = PBXFileReference; lastKnownFileType = sourcecode.c.objc; path = PinchViewController.m; sourceTree = "<group>"; };
/* End PBXFileReference section */

/* Begin PBXFrameworksBuildPhase section */
		91AEC11D201AB850008E40C6 /* Frameworks */ = {
			isa = PBXFrameworksBuildPhase;
			buildActionMask = 2147483647;
			files = (
			);
			runOnlyForDeploymentPostprocessing = 0;
		};
/* End PBXFrameworksBuildPhase section */

/* Begin PBXGroup section */
		91AEC117201AB850008E40C6 = {
			isa = PBXGroup;
			children = (
				91AEC122201AB850008E40C6 /* Gestures02 */,
				91AEC121201AB850008E40C6 /* Products */,
			);
			sourceTree = "<group>";
		};
		91AEC121201AB850008E40C6 /* Products */ = {
			isa = PBXGroup;
			children = (
				91AEC120201AB850008E40C6 /* Gestures02.app */,
			);
			name = Products;
			sourceTree = "<group>";
		};
		91AEC122201AB850008E40C6 /* Gestures02 */ = {
			isa = PBXGroup;
			children = (
				91AEC140201ABB7A008E40C6 /* PinchViewController.h */,
				91AEC141201ABB7A008E40C6 /* PinchViewController.m */,
				91AEC131201AB850008E40C6 /* Info.plist */,
				91AEC13A201AB93A008E40C6 /* PanViewController.h */,
				91AEC13B201AB93A008E40C6 /* PanViewController.m */,
				91AEC13D201AB93F008E40C6 /* TapViewController.h */,
				91AEC13E201AB93F008E40C6 /* TapViewController.m */,
				91AEC139201AB8AB008E40C6 /* supporting files */,
				91AEC129201AB850008E40C6 /* Main.storyboard */,
			);
			path = Gestures02;
			sourceTree = "<group>";
		};
		91AEC139201AB8AB008E40C6 /* supporting files */ = {
			isa = PBXGroup;
			children = (
				91AEC123201AB850008E40C6 /* AppDelegate.h */,
				91AEC124201AB850008E40C6 /* AppDelegate.m */,
				91AEC12C201AB850008E40C6 /* Assets.xcassets */,
				91AEC12E201AB850008E40C6 /* LaunchScreen.storyboard */,
				91AEC132201AB850008E40C6 /* main.m */,
			);
			path = "supporting files";
			sourceTree = "<group>";
		};
/* End PBXGroup section */

/* Begin PBXNativeTarget section */
		91AEC11F201AB850008E40C6 /* Gestures02 */ = {
			isa = PBXNativeTarget;
			buildConfigurationList = 91AEC136201AB850008E40C6 /* Build configuration list for PBXNativeTarget "Gestures02" */;
			buildPhases = (
				91AEC11C201AB850008E40C6 /* Sources */,
				91AEC11D201AB850008E40C6 /* Frameworks */,
				91AEC11E201AB850008E40C6 /* Resources */,
			);
			buildRules = (
			);
			dependencies = (
			);
			name = Gestures02;
			productName = Gestures02;
			productReference = 91AEC120201AB850008E40C6 /* Gestures02.app */;
			productType = "com.apple.product-type.application";
		};
/* End PBXNativeTarget section */

/* Begin PBXProject section */
		91AEC118201AB850008E40C6 /* Project object */ = {
			isa = PBXProject;
			attributes = {
				LastUpgradeCheck = 0910;
				ORGANIZATIONNAME = YongwooHuh;
				TargetAttributes = {
					91AEC11F201AB850008E40C6 = {
						CreatedOnToolsVersion = 9.1;
						ProvisioningStyle = Automatic;
					};
				};
			};
			buildConfigurationList = 91AEC11B201AB850008E40C6 /* Build configuration list for PBXProject "Gestures02" */;
			compatibilityVersion = "Xcode 8.0";
			developmentRegion = en;
			hasScannedForEncodings = 0;
			knownRegions = (
				en,
				Base,
			);
			mainGroup = 91AEC117201AB850008E40C6;
			productRefGroup = 91AEC121201AB850008E40C6 /* Products */;
			projectDirPath = "";
			projectRoot = "";
			targets = (
				91AEC11F201AB850008E40C6 /* Gestures02 */,
			);
		};
/* End PBXProject section */

/* Begin PBXResourcesBuildPhase section */
		91AEC11E201AB850008E40C6 /* Resources */ = {
			isa = PBXResourcesBuildPhase;
			buildActionMask = 2147483647;
			files = (
				91AEC130201AB850008E40C6 /* LaunchScreen.storyboard in Resources */,
				91AEC12D201AB850008E40C6 /* Assets.xcassets in Resources */,
				91AEC12B201AB850008E40C6 /* Main.storyboard in Resources */,
			);
			runOnlyForDeploymentPostprocessing = 0;
		};
/* End PBXResourcesBuildPhase section */

/* Begin PBXSourcesBuildPhase section */
		91AEC11C201AB850008E40C6 /* Sources */ = {
			isa = PBXSourcesBuildPhase;
			buildActionMask = 2147483647;
			files = (
				91AEC13C201AB93A008E40C6 /* PanViewController.m in Sources */,
				91AEC133201AB850008E40C6 /* main.m in Sources */,
				91AEC142201ABB7A008E40C6 /* PinchViewController.m in Sources */,
				91AEC13F201AB93F008E40C6 /* TapViewController.m in Sources */,
				91AEC125201AB850008E40C6 /* AppDelegate.m in Sources */,
			);
			runOnlyForDeploymentPostprocessing = 0;
		};
/* End PBXSourcesBuildPhase section */

/* Begin PBXVariantGroup section */
		91AEC129201AB850008E40C6 /* Main.storyboard */ = {
			isa = PBXVariantGroup;
			children = (
				91AEC12A201AB850008E40C6 /* Base */,
			);
			name = Main.storyboard;
			sourceTree = "<group>";
		};
		91AEC12E201AB850008E40C6 /* LaunchScreen.storyboard */ = {
			isa = PBXVariantGroup;
			children = (
				91AEC12F201AB850008E40C6 /* Base */,
			);
			name = LaunchScreen.storyboard;
			sourceTree = "<group>";
		};
/* End PBXVariantGroup section */

/* Begin XCBuildConfiguration section */
		91AEC134201AB850008E40C6 /* Debug */ = {
			isa = XCBuildConfiguration;
			buildSettings = {
				ALWAYS_SEARCH_USER_PATHS = NO;
				CLANG_ANALYZER_NONNULL = YES;
				CLANG_ANALYZER_NUMBER_OBJECT_CONVERSION = YES_AGGRESSIVE;
				CLANG_CXX_LANGUAGE_STANDARD = "gnu++14";
				CLANG_CXX_LIBRARY = "libc++";
				CLANG_ENABLE_MODULES = YES;
				CLANG_ENABLE_OBJC_ARC = YES;
				CLANG_WARN_BLOCK_CAPTURE_AUTORELEASING = YES;
				CLANG_WARN_BOOL_CONVERSION = YES;
				CLANG_WARN_COMMA = YES;
				CLANG_WARN_CONSTANT_CONVERSION = YES;
				CLANG_WARN_DIRECT_OBJC_ISA_USAGE = YES_ERROR;
				CLANG_WARN_DOCUMENTATION_COMMENTS = YES;
				CLANG_WARN_EMPTY_BODY = YES;
				CLANG_WARN_ENUM_CONVERSION = YES;
				CLANG_WARN_INFINITE_RECURSION = YES;
				CLANG_WARN_INT_CONVERSION = YES;
				CLANG_WARN_NON_LITERAL_NULL_CONVERSION = YES;
				CLANG_WARN_OBJC_LITERAL_CONVERSION = YES;
				CLANG_WARN_OBJC_ROOT_CLASS = YES_ERROR;
				CLANG_WARN_RANGE_LOOP_ANALYSIS = YES;
				CLANG_WARN_STRICT_PROTOTYPES = YES;
				CLANG_WARN_SUSPICIOUS_MOVE = YES;
				CLANG_WARN_UNGUARDED_AVAILABILITY = YES_AGGRESSIVE;
				CLANG_WARN_UNREACHABLE_CODE = YES;
				CLANG_WARN__DUPLICATE_METHOD_MATCH = YES;
				CODE_SIGN_IDENTITY = "iPhone Developer";
				COPY_PHASE_STRIP = NO;
				DEBUG_INFORMATION_FORMAT = dwarf;
				ENABLE_STRICT_OBJC_MSGSEND = YES;
				ENABLE_TESTABILITY = YES;
				GCC_C_LANGUAGE_STANDARD = gnu11;
				GCC_DYNAMIC_NO_PIC = NO;
				GCC_NO_COMMON_BLOCKS = YES;
				GCC_OPTIMIZATION_LEVEL = 0;
				GCC_PREPROCESSOR_DEFINITIONS = (
					"DEBUG=1",
					"$(inherited)",
				);
				GCC_WARN_64_TO_32_BIT_CONVERSION = YES;
				GCC_WARN_ABOUT_RETURN_TYPE = YES_ERROR;
				GCC_WARN_UNDECLARED_SELECTOR = YES;
				GCC_WARN_UNINITIALIZED_AUTOS = YES_AGGRESSIVE;
				GCC_WARN_UNUSED_FUNCTION = YES;
				GCC_WARN_UNUSED_VARIABLE = YES;
				IPHONEOS_DEPLOYMENT_TARGET = 11.1;
				MTL_ENABLE_DEBUG_INFO = YES;
				ONLY_ACTIVE_ARCH = YES;
				SDKROOT = iphoneos;
			};
			name = Debug;
		};
		91AEC135201AB850008E40C6 /* Release */ = {
			isa = XCBuildConfiguration;
			buildSettings = {
				ALWAYS_SEARCH_USER_PATHS = NO;
				CLANG_ANALYZER_NONNULL = YES;
				CLANG_ANALYZER_NUMBER_OBJECT_CONVERSION = YES_AGGRESSIVE;
				CLANG_CXX_LANGUAGE_STANDARD = "gnu++14";
				CLANG_CXX_LIBRARY = "libc++";
				CLANG_ENABLE_MODULES = YES;
				CLANG_ENABLE_OBJC_ARC = YES;
				CLANG_WARN_BLOCK_CAPTURE_AUTORELEASING = YES;
				CLANG_WARN_BOOL_CONVERSION = YES;
				CLANG_WARN_COMMA = YES;
				CLANG_WARN_CONSTANT_CONVERSION = YES;
				CLANG_WARN_DIRECT_OBJC_ISA_USAGE = YES_ERROR;
				CLANG_WARN_DOCUMENTATION_COMMENTS = YES;
				CLANG_WARN_EMPTY_BODY = YES;
				CLANG_WARN_ENUM_CONVERSION = YES;
				CLANG_WARN_INFINITE_RECURSION = YES;
				CLANG_WARN_INT_CONVERSION = YES;
				CLANG_WARN_NON_LITERAL_NULL_CONVERSION = YES;
				CLANG_WARN_OBJC_LITERAL_CONVERSION = YES;
				CLANG_WARN_OBJC_ROOT_CLASS = YES_ERROR;
				CLANG_WARN_RANGE_LOOP_ANALYSIS = YES;
				CLANG_WARN_STRICT_PROTOTYPES = YES;
				CLANG_WARN_SUSPICIOUS_MOVE = YES;
				CLANG_WARN_UNGUARDED_AVAILABILITY = YES_AGGRESSIVE;
				CLANG_WARN_UNREACHABLE_CODE = YES;
				CLANG_WARN__DUPLICATE_METHOD_MATCH = YES;
				CODE_SIGN_IDENTITY = "iPhone Developer";
				COPY_PHASE_STRIP = NO;
				DEBUG_INFORMATION_FORMAT = "dwarf-with-dsym";
				ENABLE_NS_ASSERTIONS = NO;
				ENABLE_STRICT_OBJC_MSGSEND = YES;
				GCC_C_LANGUAGE_STANDARD = gnu11;
				GCC_NO_COMMON_BLOCKS = YES;
				GCC_WARN_64_TO_32_BIT_CONVERSION = YES;
				GCC_WARN_ABOUT_RETURN_TYPE = YES_ERROR;
				GCC_WARN_UNDECLARED_SELECTOR = YES;
				GCC_WARN_UNINITIALIZED_AUTOS = YES_AGGRESSIVE;
				GCC_WARN_UNUSED_FUNCTION = YES;
				GCC_WARN_UNUSED_VARIABLE = YES;
				IPHONEOS_DEPLOYMENT_TARGET = 11.1;
				MTL_ENABLE_DEBUG_INFO = NO;
				SDKROOT = iphoneos;
				VALIDATE_PRODUCT = YES;
			};
			name = Release;
		};
		91AEC137201AB850008E40C6 /* Debug */ = {
			isa = XCBuildConfiguration;
			buildSettings = {
				ASSETCATALOG_COMPILER_APPICON_NAME = AppIcon;
				CODE_SIGN_STYLE = Automatic;
				INFOPLIST_FILE = Gestures02/Info.plist;
				LD_RUNPATH_SEARCH_PATHS = "$(inherited) @executable_path/Frameworks";
				PRODUCT_BUNDLE_IDENTIFIER = yongwoo.Gestures02;
				PRODUCT_NAME = "$(TARGET_NAME)";
				TARGETED_DEVICE_FAMILY = "1,2";
			};
			name = Debug;
		};
		91AEC138201AB850008E40C6 /* Release */ = {
			isa = XCBuildConfiguration;
			buildSettings = {
				ASSETCATALOG_COMPILER_APPICON_NAME = AppIcon;
				CODE_SIGN_STYLE = Automatic;
				INFOPLIST_FILE = Gestures02/Info.plist;
				LD_RUNPATH_SEARCH_PATHS = "$(inherited) @executable_path/Frameworks";
				PRODUCT_BUNDLE_IDENTIFIER = yongwoo.Gestures02;
				PRODUCT_NAME = "$(TARGET_NAME)";
				TARGETED_DEVICE_FAMILY = "1,2";
			};
			name = Release;
		};
/* End XCBuildConfiguration section */

/* Begin XCConfigurationList section */
		91AEC11B201AB850008E40C6 /* Build configuration list for PBXProject "Gestures02" */ = {
			isa = XCConfigurationList;
			buildConfigurations = (
				91AEC134201AB850008E40C6 /* Debug */,
				91AEC135201AB850008E40C6 /* Release */,
			);
			defaultConfigurationIsVisible = 0;
			defaultConfigurationName = Release;
		};
		91AEC136201AB850008E40C6 /* Build configuration list for PBXNativeTarget "Gestures02" */ = {
			isa = XCConfigurationList;
			buildConfigurations = (
				91AEC137201AB850008E40C6 /* Debug */,
				91AEC138201AB850008E40C6 /* Release */,
			);
			defaultConfigurationIsVisible = 0;
			defaultConfigurationName = Release;
		};
/* End XCConfigurationList section */
	};
	rootObject = 91AEC118201AB850008E40C6 /* Project object */;
}
