// !$*UTF8*$!
{
	archiveVersion = 1;
	classes = {
	};
	objectVersion = 48;
	objects = {

/* Begin PBXBuildFile section */
		9168EE3D201AA49400983709 /* AppDelegate.m in Sources */ = {isa = PBXBuildFile; fileRef = 9168EE3C201AA49400983709 /* AppDelegate.m */; };
		9168EE43201AA49400983709 /* Main.storyboard in Resources */ = {isa = PBXBuildFile; fileRef = 9168EE41201AA49400983709 /* Main.storyboard */; };
		9168EE45201AA49400983709 /* Assets.xcassets in Resources */ = {isa = PBXBuildFile; fileRef = 9168EE44201AA49400983709 /* Assets.xcassets */; };
		9168EE48201AA49400983709 /* LaunchScreen.storyboard in Resources */ = {isa = PBXBuildFile; fileRef = 9168EE46201AA49400983709 /* LaunchScreen.storyboard */; };
		9168EE4B201AA49400983709 /* main.m in Sources */ = {isa = PBXBuildFile; fileRef = 9168EE4A201AA49400983709 /* main.m */; };
		9168EE54201AAAC800983709 /* PanViewController.m in Sources */ = {isa = PBXBuildFile; fileRef = 9168EE53201AAAC800983709 /* PanViewController.m */; };
		9168EE57201AAAD800983709 /* TapViewController.m in Sources */ = {isa = PBXBuildFile; fileRef = 9168EE56201AAAD800983709 /* TapViewController.m */; };
		9168EE5A201AAFCE00983709 /* PinchViewController.m in Sources */ = {isa = PBXBuildFile; fileRef = 9168EE59201AAFCE00983709 /* PinchViewController.m */; };
		91AEC145201B4FC7008E40C6 /* SwipeViewController.m in Sources */ = {isa = PBXBuildFile; fileRef = 91AEC144201B4FC7008E40C6 /* SwipeViewController.m */; };
		91AEC148201B5116008E40C6 /* RotationViewController.m in Sources */ = {isa = PBXBuildFile; fileRef = 91AEC147201B5116008E40C6 /* RotationViewController.m */; };
		91AEC14B201B5173008E40C6 /* ScreenEdgePanViewController.m in Sources */ = {isa = PBXBuildFile; fileRef = 91AEC14A201B5173008E40C6 /* ScreenEdgePanViewController.m */; };
/* End PBXBuildFile section */

/* Begin PBXFileReference section */
		9168EE38201AA49400983709 /* Gestures.app */ = {isa = PBXFileReference; explicitFileType = wrapper.application; includeInIndex = 0; path = Gestures.app; sourceTree = BUILT_PRODUCTS_DIR; };
		9168EE3B201AA49400983709 /* AppDelegate.h */ = {isa = PBXFileReference; lastKnownFileType = sourcecode.c.h; path = AppDelegate.h; sourceTree = "<group>"; };
		9168EE3C201AA49400983709 /* AppDelegate.m */ = {isa = PBXFileReference; lastKnownFileType = sourcecode.c.objc; path = AppDelegate.m; sourceTree = "<group>"; };
		9168EE42201AA49400983709 /* Base */ = {isa = PBXFileReference; lastKnownFileType = file.storyboard; name = Base; path = Base.lproj/Main.storyboard; sourceTree = "<group>"; };
		9168EE44201AA49400983709 /* Assets.xcassets */ = {isa = PBXFileReference; lastKnownFileType = folder.assetcatalog; path = Assets.xcassets; sourceTree = "<group>"; };
		9168EE47201AA49400983709 /* Base */ = {isa = PBXFileReference; lastKnownFileType = file.storyboard; name = Base; path = Base.lproj/LaunchScreen.storyboard; sourceTree = "<group>"; };
		9168EE49201AA49400983709 /* Info.plist */ = {isa = PBXFileReference; lastKnownFileType = text.plist.xml; path = Info.plist; sourceTree = "<group>"; };
		9168EE4A201AA49400983709 /* main.m */ = {isa = PBXFileReference; lastKnownFileType = sourcecode.c.objc; path = main.m; sourceTree = "<group>"; };
		9168EE52201AAAC800983709 /* PanViewController.h */ = {isa = PBXFileReference; lastKnownFileType = sourcecode.c.h; path = PanViewController.h; sourceTree = "<group>"; };
		9168EE53201AAAC800983709 /* PanViewController.m */ = {isa = PBXFileReference; lastKnownFileType = sourcecode.c.objc; path = PanViewController.m; sourceTree = "<group>"; };
		9168EE55201AAAD800983709 /* TapViewController.h */ = {isa = PBXFileReference; lastKnownFileType = sourcecode.c.h; path = TapViewController.h; sourceTree = "<group>"; };
		9168EE56201AAAD800983709 /* TapViewController.m */ = {isa = PBXFileReference; lastKnownFileType = sourcecode.c.objc; path = TapViewController.m; sourceTree = "<group>"; };
		9168EE58201AAFCE00983709 /* PinchViewController.h */ = {isa = PBXFileReference; lastKnownFileType = sourcecode.c.h; path = PinchViewController.h; sourceTree = "<group>"; };
		9168EE59201AAFCE00983709 /* PinchViewController.m */ = {isa = PBXFileReference; lastKnownFileType = sourcecode.c.objc; path = PinchViewController.m; sourceTree = "<group>"; };
		91AEC143201B4FC7008E40C6 /* SwipeViewController.h */ = {isa = PBXFileReference; lastKnownFileType = sourcecode.c.h; path = SwipeViewController.h; sourceTree = "<group>"; };
		91AEC144201B4FC7008E40C6 /* SwipeViewController.m */ = {isa = PBXFileReference; lastKnownFileType = sourcecode.c.objc; path = SwipeViewController.m; sourceTree = "<group>"; };
		91AEC146201B5116008E40C6 /* RotationViewController.h */ = {isa = PBXFileReference; lastKnownFileType = sourcecode.c.h; path = RotationViewController.h; sourceTree = "<group>"; };
		91AEC147201B5116008E40C6 /* RotationViewController.m */ = {isa = PBXFileReference; lastKnownFileType = sourcecode.c.objc; path = RotationViewController.m; sourceTree = "<group>"; };
		91AEC149201B5173008E40C6 /* ScreenEdgePanViewController.h */ = {isa = PBXFileReference; lastKnownFileType = sourcecode.c.h; path = ScreenEdgePanViewController.h; sourceTree = "<group>"; };
		91AEC14A201B5173008E40C6 /* ScreenEdgePanViewController.m */ = {isa = PBXFileReference; lastKnownFileType = sourcecode.c.objc; path = ScreenEdgePanViewController.m; sourceTree = "<group>"; };
/* End PBXFileReference section */

/* Begin PBXFrameworksBuildPhase section */
		9168EE35201AA49400983709 /* Frameworks */ = {
			isa = PBXFrameworksBuildPhase;
			buildActionMask = 2147483647;
			files = (
			);
			runOnlyForDeploymentPostprocessing = 0;
		};
/* End PBXFrameworksBuildPhase section */

/* Begin PBXGroup section */
		9168EE2F201AA49400983709 = {
			isa = PBXGroup;
			children = (
				9168EE3A201AA49400983709 /* Gestures */,
				9168EE39201AA49400983709 /* Products */,
			);
			sourceTree = "<group>";
		};
		9168EE39201AA49400983709 /* Products */ = {
			isa = PBXGroup;
			children = (
				9168EE38201AA49400983709 /* Gestures.app */,
			);
			name = Products;
			sourceTree = "<group>";
		};
		9168EE3A201AA49400983709 /* Gestures */ = {
			isa = PBXGroup;
			children = (
				91AEC149201B5173008E40C6 /* ScreenEdgePanViewController.h */,
				91AEC14A201B5173008E40C6 /* ScreenEdgePanViewController.m */,
				91AEC146201B5116008E40C6 /* RotationViewController.h */,
				91AEC147201B5116008E40C6 /* RotationViewController.m */,
				91AEC143201B4FC7008E40C6 /* SwipeViewController.h */,
				91AEC144201B4FC7008E40C6 /* SwipeViewController.m */,
				9168EE58201AAFCE00983709 /* PinchViewController.h */,
				9168EE59201AAFCE00983709 /* PinchViewController.m */,
				9168EE52201AAAC800983709 /* PanViewController.h */,
				9168EE53201AAAC800983709 /* PanViewController.m */,
				9168EE55201AAAD800983709 /* TapViewController.h */,
				9168EE56201AAAD800983709 /* TapViewController.m */,
				9168EE51201AAA7200983709 /* Supporting Files */,
				9168EE41201AA49400983709 /* Main.storyboard */,
				9168EE49201AA49400983709 /* Info.plist */,
			);
			path = Gestures;
			sourceTree = "<group>";
		};
		9168EE51201AAA7200983709 /* Supporting Files */ = {
			isa = PBXGroup;
			children = (
				9168EE3B201AA49400983709 /* AppDelegate.h */,
				9168EE3C201AA49400983709 /* AppDelegate.m */,
				9168EE44201AA49400983709 /* Assets.xcassets */,
				9168EE46201AA49400983709 /* LaunchScreen.storyboard */,
				9168EE4A201AA49400983709 /* main.m */,
			);
			path = "Supporting Files";
			sourceTree = "<group>";
		};
/* End PBXGroup section */

/* Begin PBXNativeTarget section */
		9168EE37201AA49400983709 /* Gestures */ = {
			isa = PBXNativeTarget;
			buildConfigurationList = 9168EE4E201AA49400983709 /* Build configuration list for PBXNativeTarget "Gestures" */;
			buildPhases = (
				9168EE34201AA49400983709 /* Sources */,
				9168EE35201AA49400983709 /* Frameworks */,
				9168EE36201AA49400983709 /* Resources */,
			);
			buildRules = (
			);
			dependencies = (
			);
			name = Gestures;
			productName = Gestures;
			productReference = 9168EE38201AA49400983709 /* Gestures.app */;
			productType = "com.apple.product-type.application";
		};
/* End PBXNativeTarget section */

/* Begin PBXProject section */
		9168EE30201AA49400983709 /* Project object */ = {
			isa = PBXProject;
			attributes = {
				LastUpgradeCheck = 0910;
				ORGANIZATIONNAME = YongwooHuh;
				TargetAttributes = {
					9168EE37201AA49400983709 = {
						CreatedOnToolsVersion = 9.1;
						ProvisioningStyle = Automatic;
					};
				};
			};
			buildConfigurationList = 9168EE33201AA49400983709 /* Build configuration list for PBXProject "Gestures" */;
			compatibilityVersion = "Xcode 8.0";
			developmentRegion = en;
			hasScannedForEncodings = 0;
			knownRegions = (
				en,
				Base,
			);
			mainGroup = 9168EE2F201AA49400983709;
			productRefGroup = 9168EE39201AA49400983709 /* Products */;
			projectDirPath = "";
			projectRoot = "";
			targets = (
				9168EE37201AA49400983709 /* Gestures */,
			);
		};
/* End PBXProject section */

/* Begin PBXResourcesBuildPhase section */
		9168EE36201AA49400983709 /* Resources */ = {
			isa = PBXResourcesBuildPhase;
			buildActionMask = 2147483647;
			files = (
				9168EE48201AA49400983709 /* LaunchScreen.storyboard in Resources */,
				9168EE45201AA49400983709 /* Assets.xcassets in Resources */,
				9168EE43201AA49400983709 /* Main.storyboard in Resources */,
			);
			runOnlyForDeploymentPostprocessing = 0;
		};
/* End PBXResourcesBuildPhase section */

/* Begin PBXSourcesBuildPhase section */
		9168EE34201AA49400983709 /* Sources */ = {
			isa = PBXSourcesBuildPhase;
			buildActionMask = 2147483647;
			files = (
				9168EE54201AAAC800983709 /* PanViewController.m in Sources */,
				9168EE4B201AA49400983709 /* main.m in Sources */,
				9168EE5A201AAFCE00983709 /* PinchViewController.m in Sources */,
				91AEC14B201B5173008E40C6 /* ScreenEdgePanViewController.m in Sources */,
				91AEC148201B5116008E40C6 /* RotationViewController.m in Sources */,
				91AEC145201B4FC7008E40C6 /* SwipeViewController.m in Sources */,
				9168EE57201AAAD800983709 /* TapViewController.m in Sources */,
				9168EE3D201AA49400983709 /* AppDelegate.m in Sources */,
			);
			runOnlyForDeploymentPostprocessing = 0;
		};
/* End PBXSourcesBuildPhase section */

/* Begin PBXVariantGroup section */
		9168EE41201AA49400983709 /* Main.storyboard */ = {
			isa = PBXVariantGroup;
			children = (
				9168EE42201AA49400983709 /* Base */,
			);
			name = Main.storyboard;
			sourceTree = "<group>";
		};
		9168EE46201AA49400983709 /* LaunchScreen.storyboard */ = {
			isa = PBXVariantGroup;
			children = (
				9168EE47201AA49400983709 /* Base */,
			);
			name = LaunchScreen.storyboard;
			sourceTree = "<group>";
		};
/* End PBXVariantGroup section */

/* Begin XCBuildConfiguration section */
		9168EE4C201AA49400983709 /* Debug */ = {
			isa = XCBuildConfiguration;
			buildSettings = {
				ALWAYS_SEARCH_USER_PATHS = NO;
				CLANG_ANALYZER_NONNULL = YES;
				CLANG_ANALYZER_NUMBER_OBJECT_CONVERSION = YES_AGGRESSIVE;
				CLANG_CXX_LANGUAGE_STANDARD = "gnu++14";
				CLANG_CXX_LIBRARY = "libc++";
				CLANG_ENABLE_MODULES = YES;
				CLANG_ENABLE_OBJC_ARC = YES;
				CLANG_WARN_BLOCK_CAPTURE_AUTORELEASING = YES;
				CLANG_WARN_BOOL_CONVERSION = YES;
				CLANG_WARN_COMMA = YES;
				CLANG_WARN_CONSTANT_CONVERSION = YES;
				CLANG_WARN_DIRECT_OBJC_ISA_USAGE = YES_ERROR;
				CLANG_WARN_DOCUMENTATION_COMMENTS = YES;
				CLANG_WARN_EMPTY_BODY = YES;
				CLANG_WARN_ENUM_CONVERSION = YES;
				CLANG_WARN_INFINITE_RECURSION = YES;
				CLANG_WARN_INT_CONVERSION = YES;
				CLANG_WARN_NON_LITERAL_NULL_CONVERSION = YES;
				CLANG_WARN_OBJC_LITERAL_CONVERSION = YES;
				CLANG_WARN_OBJC_ROOT_CLASS = YES_ERROR;
				CLANG_WARN_RANGE_LOOP_ANALYSIS = YES;
				CLANG_WARN_STRICT_PROTOTYPES = YES;
				CLANG_WARN_SUSPICIOUS_MOVE = YES;
				CLANG_WARN_UNGUARDED_AVAILABILITY = YES_AGGRESSIVE;
				CLANG_WARN_UNREACHABLE_CODE = YES;
				CLANG_WARN__DUPLICATE_METHOD_MATCH = YES;
				CODE_SIGN_IDENTITY = "iPhone Developer";
				COPY_PHASE_STRIP = NO;
				DEBUG_INFORMATION_FORMAT = dwarf;
				ENABLE_STRICT_OBJC_MSGSEND = YES;
				ENABLE_TESTABILITY = YES;
				GCC_C_LANGUAGE_STANDARD = gnu11;
				GCC_DYNAMIC_NO_PIC = NO;
				GCC_NO_COMMON_BLOCKS = YES;
				GCC_OPTIMIZATION_LEVEL = 0;
				GCC_PREPROCESSOR_DEFINITIONS = (
					"DEBUG=1",
					"$(inherited)",
				);
				GCC_WARN_64_TO_32_BIT_CONVERSION = YES;
				GCC_WARN_ABOUT_RETURN_TYPE = YES_ERROR;
				GCC_WARN_UNDECLARED_SELECTOR = YES;
				GCC_WARN_UNINITIALIZED_AUTOS = YES_AGGRESSIVE;
				GCC_WARN_UNUSED_FUNCTION = YES;
				GCC_WARN_UNUSED_VARIABLE = YES;
				IPHONEOS_DEPLOYMENT_TARGET = 11.1;
				MTL_ENABLE_DEBUG_INFO = YES;
				ONLY_ACTIVE_ARCH = YES;
				SDKROOT = iphoneos;
			};
			name = Debug;
		};
		9168EE4D201AA49400983709 /* Release */ = {
			isa = XCBuildConfiguration;
			buildSettings = {
				ALWAYS_SEARCH_USER_PATHS = NO;
				CLANG_ANALYZER_NONNULL = YES;
				CLANG_ANALYZER_NUMBER_OBJECT_CONVERSION = YES_AGGRESSIVE;
				CLANG_CXX_LANGUAGE_STANDARD = "gnu++14";
				CLANG_CXX_LIBRARY = "libc++";
				CLANG_ENABLE_MODULES = YES;
				CLANG_ENABLE_OBJC_ARC = YES;
				CLANG_WARN_BLOCK_CAPTURE_AUTORELEASING = YES;
				CLANG_WARN_BOOL_CONVERSION = YES;
				CLANG_WARN_COMMA = YES;
				CLANG_WARN_CONSTANT_CONVERSION = YES;
				CLANG_WARN_DIRECT_OBJC_ISA_USAGE = YES_ERROR;
				CLANG_WARN_DOCUMENTATION_COMMENTS = YES;
				CLANG_WARN_EMPTY_BODY = YES;
				CLANG_WARN_ENUM_CONVERSION = YES;
				CLANG_WARN_INFINITE_RECURSION = YES;
				CLANG_WARN_INT_CONVERSION = YES;
				CLANG_WARN_NON_LITERAL_NULL_CONVERSION = YES;
				CLANG_WARN_OBJC_LITERAL_CONVERSION = YES;
				CLANG_WARN_OBJC_ROOT_CLASS = YES_ERROR;
				CLANG_WARN_RANGE_LOOP_ANALYSIS = YES;
				CLANG_WARN_STRICT_PROTOTYPES = YES;
				CLANG_WARN_SUSPICIOUS_MOVE = YES;
				CLANG_WARN_UNGUARDED_AVAILABILITY = YES_AGGRESSIVE;
				CLANG_WARN_UNREACHABLE_CODE = YES;
				CLANG_WARN__DUPLICATE_METHOD_MATCH = YES;
				CODE_SIGN_IDENTITY = "iPhone Developer";
				COPY_PHASE_STRIP = NO;
				DEBUG_INFORMATION_FORMAT = "dwarf-with-dsym";
				ENABLE_NS_ASSERTIONS = NO;
				ENABLE_STRICT_OBJC_MSGSEND = YES;
				GCC_C_LANGUAGE_STANDARD = gnu11;
				GCC_NO_COMMON_BLOCKS = YES;
				GCC_WARN_64_TO_32_BIT_CONVERSION = YES;
				GCC_WARN_ABOUT_RETURN_TYPE = YES_ERROR;
				GCC_WARN_UNDECLARED_SELECTOR = YES;
				GCC_WARN_UNINITIALIZED_AUTOS = YES_AGGRESSIVE;
				GCC_WARN_UNUSED_FUNCTION = YES;
				GCC_WARN_UNUSED_VARIABLE = YES;
				IPHONEOS_DEPLOYMENT_TARGET = 11.1;
				MTL_ENABLE_DEBUG_INFO = NO;
				SDKROOT = iphoneos;
				VALIDATE_PRODUCT = YES;
			};
			name = Release;
		};
		9168EE4F201AA49400983709 /* Debug */ = {
			isa = XCBuildConfiguration;
			buildSettings = {
				ASSETCATALOG_COMPILER_APPICON_NAME = AppIcon;
				CODE_SIGN_STYLE = Automatic;
				INFOPLIST_FILE = Gestures/Info.plist;
				LD_RUNPATH_SEARCH_PATHS = "$(inherited) @executable_path/Frameworks";
				PRODUCT_BUNDLE_IDENTIFIER = yongwoo.Gestures;
				PRODUCT_NAME = "$(TARGET_NAME)";
				TARGETED_DEVICE_FAMILY = "1,2";
			};
			name = Debug;
		};
		9168EE50201AA49400983709 /* Release */ = {
			isa = XCBuildConfiguration;
			buildSettings = {
				ASSETCATALOG_COMPILER_APPICON_NAME = AppIcon;
				CODE_SIGN_STYLE = Automatic;
				INFOPLIST_FILE = Gestures/Info.plist;
				LD_RUNPATH_SEARCH_PATHS = "$(inherited) @executable_path/Frameworks";
				PRODUCT_BUNDLE_IDENTIFIER = yongwoo.Gestures;
				PRODUCT_NAME = "$(TARGET_NAME)";
				TARGETED_DEVICE_FAMILY = "1,2";
			};
			name = Release;
		};
/* End XCBuildConfiguration section */

/* Begin XCConfigurationList section */
		9168EE33201AA49400983709 /* Build configuration list for PBXProject "Gestures" */ = {
			isa = XCConfigurationList;
			buildConfigurations = (
				9168EE4C201AA49400983709 /* Debug */,
				9168EE4D201AA49400983709 /* Release */,
			);
			defaultConfigurationIsVisible = 0;
			defaultConfigurationName = Release;
		};
		9168EE4E201AA49400983709 /* Build configuration list for PBXNativeTarget "Gestures" */ = {
			isa = XCConfigurationList;
			buildConfigurations = (
				9168EE4F201AA49400983709 /* Debug */,
				9168EE50201AA49400983709 /* Release */,
			);
			defaultConfigurationIsVisible = 0;
			defaultConfigurationName = Release;
		};
/* End XCConfigurationList section */
	};
	rootObject = 9168EE30201AA49400983709 /* Project object */;
}
